
Microsoft Visual Studio Solution File, Format Version 12.00
# Visual Studio Version 17
VisualStudioVersion = 17.13.35828.75 d17.13
MinimumVisualStudioVersion = 10.0.40219.1
Project("{FAE04EC0-301F-11D3-BF4B-00C04F79EFBC}") = "KujundiKalkulaator", "KujundiKalkulaator\KujundiKalkulaator.csproj", "{831F8CA4-D606-445E-86F5-F279AA600996}"
EndProject
Global
	GlobalSection(SolutionConfigurationPlatforms) = preSolution
		Debug|Any CPU = Debug|Any CPU
		Release|Any CPU = Release|Any CPU
	EndGlobalSection
	GlobalSection(ProjectConfigurationPlatforms) = postSolution
		{831F8CA4-D606-445E-86F5-F279AA600996}.Debug|Any CPU.ActiveCfg = Debug|Any CPU
		{831F8CA4-D606-445E-86F5-F279AA600996}.Debug|Any CPU.Build.0 = Debug|Any CPU
		{831F8CA4-D606-445E-86F5-F279AA600996}.Release|Any CPU.ActiveCfg = Release|Any CPU
		{831F8CA4-D606-445E-86F5-F279AA600996}.Release|Any CPU.Build.0 = Release|Any CPU
	EndGlobalSection
	GlobalSection(SolutionProperties) = preSolution
		HideSolutionNode = FALSE
	EndGlobalSection
	GlobalSection(ExtensibilityGlobals) = postSolution
		SolutionGuid = {2FFC8631-DB65-4064-A2AB-68E70DCD15C7}
	EndGlobalSection
EndGlobal
