
Microsoft Visual Studio Solution File, Format Version 12.00
# Visual Studio Version 17
VisualStudioVersion = 17.13.35828.75 d17.13
MinimumVisualStudioVersion = 10.0.40219.1
Project("{FAE04EC0-301F-11D3-BF4B-00C04F79EFBC}") = "Rectangle", "Rectangle\Rectangle.csproj", "{D79410F6-05A0-4CCF-83B9-F5B7A78CCEAF}"
EndProject
Global
	GlobalSection(SolutionConfigurationPlatforms) = preSolution
		Debug|Any CPU = Debug|Any CPU
		Release|Any CPU = Release|Any CPU
	EndGlobalSection
	GlobalSection(ProjectConfigurationPlatforms) = postSolution
		{D79410F6-05A0-4CCF-83B9-F5B7A78CCEAF}.Debug|Any CPU.ActiveCfg = Debug|Any CPU
		{D79410F6-05A0-4CCF-83B9-F5B7A78CCEAF}.Debug|Any CPU.Build.0 = Debug|Any CPU
		{D79410F6-05A0-4CCF-83B9-F5B7A78CCEAF}.Release|Any CPU.ActiveCfg = Release|Any CPU
		{D79410F6-05A0-4CCF-83B9-F5B7A78CCEAF}.Release|Any CPU.Build.0 = Release|Any CPU
	EndGlobalSection
	GlobalSection(SolutionProperties) = preSolution
		HideSolutionNode = FALSE
	EndGlobalSection
	GlobalSection(ExtensibilityGlobals) = postSolution
		SolutionGuid = {971F0888-1016-4803-B0C0-735B8A3525CA}
	EndGlobalSection
EndGlobal
