
Microsoft Visual Studio Solution File, Format Version 12.00
# Visual Studio Version 17
VisualStudioVersion = 17.13.35828.75 d17.13
MinimumVisualStudioVersion = 10.0.40219.1
Project("{FAE04EC0-301F-11D3-BF4B-00C04F79EFBC}") = "ForAsterisk", "ForAsterisk\ForAsterisk.csproj", "{1D47010D-7702-44CA-9C92-453C82E8CF72}"
EndProject
Global
	GlobalSection(SolutionConfigurationPlatforms) = preSolution
		Debug|Any CPU = Debug|Any CPU
		Release|Any CPU = Release|Any CPU
	EndGlobalSection
	GlobalSection(ProjectConfigurationPlatforms) = postSolution
		{1D47010D-7702-44CA-9C92-453C82E8CF72}.Debug|Any CPU.ActiveCfg = Debug|Any CPU
		{1D47010D-7702-44CA-9C92-453C82E8CF72}.Debug|Any CPU.Build.0 = Debug|Any CPU
		{1D47010D-7702-44CA-9C92-453C82E8CF72}.Release|Any CPU.ActiveCfg = Release|Any CPU
		{1D47010D-7702-44CA-9C92-453C82E8CF72}.Release|Any CPU.Build.0 = Release|Any CPU
	EndGlobalSection
	GlobalSection(SolutionProperties) = preSolution
		HideSolutionNode = FALSE
	EndGlobalSection
	GlobalSection(ExtensibilityGlobals) = postSolution
		SolutionGuid = {EA994286-C4B2-453D-8437-5D5C42005CDB}
	EndGlobalSection
EndGlobal
