
Microsoft Visual Studio Solution File, Format Version 12.00
# Visual Studio Version 17
VisualStudioVersion = 17.13.35828.75 d17.13
MinimumVisualStudioVersion = 10.0.40219.1
Project("{FAE04EC0-301F-11D3-BF4B-00C04F79EFBC}") = "joulud 2", "joulud 2\joulud 2.csproj", "{40A5F016-84C8-4CC6-A7AA-04E62000E794}"
EndProject
Global
	GlobalSection(SolutionConfigurationPlatforms) = preSolution
		Debug|Any CPU = Debug|Any CPU
		Release|Any CPU = Release|Any CPU
	EndGlobalSection
	GlobalSection(ProjectConfigurationPlatforms) = postSolution
		{40A5F016-84C8-4CC6-A7AA-04E62000E794}.Debug|Any CPU.ActiveCfg = Debug|Any CPU
		{40A5F016-84C8-4CC6-A7AA-04E62000E794}.Debug|Any CPU.Build.0 = Debug|Any CPU
		{40A5F016-84C8-4CC6-A7AA-04E62000E794}.Release|Any CPU.ActiveCfg = Release|Any CPU
		{40A5F016-84C8-4CC6-A7AA-04E62000E794}.Release|Any CPU.Build.0 = Release|Any CPU
	EndGlobalSection
	GlobalSection(SolutionProperties) = preSolution
		HideSolutionNode = FALSE
	EndGlobalSection
	GlobalSection(ExtensibilityGlobals) = postSolution
		SolutionGuid = {C645CBD6-EFE3-4DCB-A65A-8CC81A893489}
	EndGlobalSection
EndGlobal
