
Microsoft Visual Studio Solution File, Format Version 12.00
# Visual Studio Version 17
VisualStudioVersion = 17.13.35828.75 d17.13
MinimumVisualStudioVersion = 10.0.40219.1
Project("{FAE04EC0-301F-11D3-BF4B-00C04F79EFBC}") = "SwitchRandomNumber", "SwitchRandomNumber\SwitchRandomNumber.csproj", "{AAC7C21B-2B08-44EE-BDA8-E6726F964730}"
EndProject
Global
	GlobalSection(SolutionConfigurationPlatforms) = preSolution
		Debug|Any CPU = Debug|Any CPU
		Release|Any CPU = Release|Any CPU
	EndGlobalSection
	GlobalSection(ProjectConfigurationPlatforms) = postSolution
		{AAC7C21B-2B08-44EE-BDA8-E6726F964730}.Debug|Any CPU.ActiveCfg = Debug|Any CPU
		{AAC7C21B-2B08-44EE-BDA8-E6726F964730}.Debug|Any CPU.Build.0 = Debug|Any CPU
		{AAC7C21B-2B08-44EE-BDA8-E6726F964730}.Release|Any CPU.ActiveCfg = Release|Any CPU
		{AAC7C21B-2B08-44EE-BDA8-E6726F964730}.Release|Any CPU.Build.0 = Release|Any CPU
	EndGlobalSection
	GlobalSection(SolutionProperties) = preSolution
		HideSolutionNode = FALSE
	EndGlobalSection
	GlobalSection(ExtensibilityGlobals) = postSolution
		SolutionGuid = {3D201AD6-E4D3-49A5-A635-02FCB1F7FEB7}
	EndGlobalSection
EndGlobal
