
Microsoft Visual Studio Solution File, Format Version 12.00
# Visual Studio Version 17
VisualStudioVersion = 17.13.35828.75 d17.13
MinimumVisualStudioVersion = 10.0.40219.1
Project("{FAE04EC0-301F-11D3-BF4B-00C04F79EFBC}") = "Mangud", "Mangud\Mangud.csproj", "{B8021545-3965-42E5-8162-821ACB819598}"
EndProject
Global
	GlobalSection(SolutionConfigurationPlatforms) = preSolution
		Debug|Any CPU = Debug|Any CPU
		Release|Any CPU = Release|Any CPU
	EndGlobalSection
	GlobalSection(ProjectConfigurationPlatforms) = postSolution
		{B8021545-3965-42E5-8162-821ACB819598}.Debug|Any CPU.ActiveCfg = Debug|Any CPU
		{B8021545-3965-42E5-8162-821ACB819598}.Debug|Any CPU.Build.0 = Debug|Any CPU
		{B8021545-3965-42E5-8162-821ACB819598}.Release|Any CPU.ActiveCfg = Release|Any CPU
		{B8021545-3965-42E5-8162-821ACB819598}.Release|Any CPU.Build.0 = Release|Any CPU
	EndGlobalSection
	GlobalSection(SolutionProperties) = preSolution
		HideSolutionNode = FALSE
	EndGlobalSection
	GlobalSection(ExtensibilityGlobals) = postSolution
		SolutionGuid = {7BA1FAD9-8D92-4734-97D3-7AF8B08BEF62}
	EndGlobalSection
EndGlobal
